<?xml version="1.0" encoding="utf-8"?>
<Project ToolsVersion="4.0" xmlns="http://schemas.microsoft.com/developer/msbuild/2003">
  <ItemGroup>
    <Filter Include="Common">
      <UniqueIdentifier>{04605aca-db69-4bb1-9613-334569cbf510}</UniqueIdentifier>
    </Filter>
    <Filter Include="Util">
      <UniqueIdentifier>{521f0196-48ec-4ca1-bc8f-ebf9ecc25712}</UniqueIdentifier>
    </Filter>
    <Filter Include="Util\tinyXml">
      <UniqueIdentifier>{75387bbf-2d5d-46a5-8b2f-49520b459555}</UniqueIdentifier>
    </Filter>
    <Filter Include="Util\csv_parser">
      <UniqueIdentifier>{5359103f-97bf-4d57-90d9-3d513c596db8}</UniqueIdentifier>
    </Filter>
    <Filter Include="Net">
      <UniqueIdentifier>{33d0728c-dbb1-403a-90ec-fb30139a5f96}</UniqueIdentifier>
    </Filter>
    <Filter Include="Net\Terminal">
      <UniqueIdentifier>{4a24c0a5-05e4-4ddc-93a5-3baeb9870e18}</UniqueIdentifier>
    </Filter>
    <Filter Include="Net\Packet">
      <UniqueIdentifier>{0cce561b-2514-49c7-9618-8142a411289b}</UniqueIdentifier>
    </Filter>
    <Filter Include="Contents">
      <UniqueIdentifier>{cdb848c4-fc95-4926-acc8-a56a1f0bbf5b}</UniqueIdentifier>
    </Filter>
  </ItemGroup>
  <ItemGroup>
    <ClInclude Include="stdafx.h">
      <Filter>Common</Filter>
    </ClInclude>
    <ClInclude Include="targetver.h">
      <Filter>Common</Filter>
    </ClInclude>
    <ClInclude Include="ServerLibrary.h">
      <Filter>Common</Filter>
    </ClInclude>
    <ClInclude Include="Util\Util.h">
      <Filter>Util</Filter>
    </ClInclude>
    <ClInclude Include="Util\RandomMt.h">
      <Filter>Util</Filter>
    </ClInclude>
    <ClInclude Include="Util\Singleton.h">
      <Filter>Util</Filter>
    </ClInclude>
    <ClInclude Include="Util\Clock.h">
      <Filter>Util</Filter>
    </ClInclude>
    <ClInclude Include="Util\Type.h">
      <Filter>Util</Filter>
    </ClInclude>
    <ClInclude Include="Util\tinyXml\tinystr.h">
      <Filter>Util\tinyXml</Filter>
    </ClInclude>
    <ClInclude Include="Util\tinyXml\tinyxml.h">
      <Filter>Util\tinyXml</Filter>
    </ClInclude>
    <ClInclude Include="Util\Config.h">
      <Filter>Util</Filter>
    </ClInclude>
    <ClInclude Include="Util\Lock.h">
      <Filter>Util</Filter>
    </ClInclude>
    <ClInclude Include="Util\Thread.h">
      <Filter>Util</Filter>
    </ClInclude>
    <ClInclude Include="Util\Logger.h">
      <Filter>Util</Filter>
    </ClInclude>
    <ClInclude Include="Util\Assert.h">
      <Filter>Util</Filter>
    </ClInclude>
    <ClInclude Include="Util\Minidump.h">
      <Filter>Util</Filter>
    </ClInclude>
    <ClInclude Include="Util\SMTPMail.h">
      <Filter>Util</Filter>
    </ClInclude>
    <ClInclude Include="Util\ThreadJobQueue.h">
      <Filter>Util</Filter>
    </ClInclude>
    <ClInclude Include="Util\Table.h">
      <Filter>Util</Filter>
    </ClInclude>
    <ClInclude Include="Util\MemoryLeak.h">
      <Filter>Util</Filter>
    </ClInclude>
    <ClInclude Include="Util\Memory_LowFragmentationHeap.h">
      <Filter>Util</Filter>
    </ClInclude>
    <ClInclude Include="Util\csv_parser\csv_parser.hpp">
      <Filter>Util\csv_parser</Filter>
    </ClInclude>
    <ClInclude Include="Util\GameObject.h">
      <Filter>Util</Filter>
    </ClInclude>
    <ClInclude Include="Util\Task.h">
      <Filter>Util</Filter>
    </ClInclude>
    <ClInclude Include="Util\Monitoring.h">
      <Filter>Util</Filter>
    </ClInclude>
    <ClInclude Include="Net\Server.h">
      <Filter>Net</Filter>
    </ClInclude>
    <ClInclude Include="Net\IOCPServer.h">
      <Filter>Net</Filter>
    </ClInclude>
    <ClInclude Include="Net\Session.h">
      <Filter>Net</Filter>
    </ClInclude>
    <ClInclude Include="Net\IOCPSession.h">
      <Filter>Net</Filter>
    </ClInclude>
    <ClInclude Include="Net\SessionManager.h">
      <Filter>Net</Filter>
    </ClInclude>
    <ClInclude Include="Net\SessionMonitor.h">
      <Filter>Net</Filter>
    </ClInclude>
    <ClInclude Include="Net\Terminal\TerminalSession.h">
      <Filter>Net\Terminal</Filter>
    </ClInclude>
    <ClInclude Include="Net\Terminal\Terminal.h">
      <Filter>Net\Terminal</Filter>
    </ClInclude>
    <ClInclude Include="Net\Terminal\TerminalManager.h">
      <Filter>Net\Terminal</Filter>
    </ClInclude>
    <ClInclude Include="Net\Packet\Stream.h">
      <Filter>Net\Packet</Filter>
    </ClInclude>
    <ClInclude Include="Net\Packet\PacketAnalyzer.h">
      <Filter>Net\Packet</Filter>
    </ClInclude>
    <ClInclude Include="Net\Packet\Package.h">
      <Filter>Net\Packet</Filter>
    </ClInclude>
    <ClInclude Include="Contents\ContentsProcess.h">
      <Filter>Contents</Filter>
    </ClInclude>
    <ClInclude Include="Util\ProgramValidation.h">
      <Filter>Util</Filter>
    </ClInclude>
  </ItemGroup>
  <ItemGroup>
    <ClCompile Include="stdafx.cpp">
      <Filter>Common</Filter>
    </ClCompile>
    <ClCompile Include="Util\Clock.cpp">
      <Filter>Util</Filter>
    </ClCompile>
    <ClCompile Include="Util\tinyXml\tinystr.cpp">
      <Filter>Util\tinyXml</Filter>
    </ClCompile>
    <ClCompile Include="Util\tinyXml\tinyxml.cpp">
      <Filter>Util\tinyXml</Filter>
    </ClCompile>
    <ClCompile Include="Util\tinyXml\tinyxmlerror.cpp">
      <Filter>Util\tinyXml</Filter>
    </ClCompile>
    <ClCompile Include="Util\tinyXml\tinyxmlparser.cpp">
      <Filter>Util\tinyXml</Filter>
    </ClCompile>
    <ClCompile Include="Util\Config.cpp">
      <Filter>Util</Filter>
    </ClCompile>
    <ClCompile Include="Util\Lock.cpp">
      <Filter>Util</Filter>
    </ClCompile>
    <ClCompile Include="Util\Thread.cpp">
      <Filter>Util</Filter>
    </ClCompile>
    <ClCompile Include="Util\Logger.cpp">
      <Filter>Util</Filter>
    </ClCompile>
    <ClCompile Include="Util\Assert.cpp">
      <Filter>Util</Filter>
    </ClCompile>
    <ClCompile Include="Util\Minidump.cpp">
      <Filter>Util</Filter>
    </ClCompile>
    <ClCompile Include="Util\SMTPMail.cpp">
      <Filter>Util</Filter>
    </ClCompile>
    <ClCompile Include="Util\csv_parser\csv_parser.cpp">
      <Filter>Util\csv_parser</Filter>
    </ClCompile>
    <ClCompile Include="Util\Task.cpp">
      <Filter>Util</Filter>
    </ClCompile>
    <ClCompile Include="Net\Server.cpp">
      <Filter>Net</Filter>
    </ClCompile>
    <ClCompile Include="Net\IOCPServer.cpp">
      <Filter>Net</Filter>
    </ClCompile>
    <ClCompile Include="Net\Session.cpp">
      <Filter>Net</Filter>
    </ClCompile>
    <ClCompile Include="Net\IOCPSession.cpp">
      <Filter>Net</Filter>
    </ClCompile>
    <ClCompile Include="Net\SessionManager.cpp">
      <Filter>Net</Filter>
    </ClCompile>
    <ClCompile Include="Net\SessionMonitor.cpp">
      <Filter>Net</Filter>
    </ClCompile>
    <ClCompile Include="Net\Terminal\TerminalSession.cpp">
      <Filter>Net\Terminal</Filter>
    </ClCompile>
    <ClCompile Include="Net\Terminal\Terminal.cpp">
      <Filter>Net\Terminal</Filter>
    </ClCompile>
    <ClCompile Include="Net\Terminal\TerminalManager.cpp">
      <Filter>Net\Terminal</Filter>
    </ClCompile>
    <ClCompile Include="Net\Packet\Stream.cpp">
      <Filter>Net\Packet</Filter>
    </ClCompile>
    <ClCompile Include="Net\Packet\PacketAnalyzer.cpp">
      <Filter>Net\Packet</Filter>
    </ClCompile>
    <ClCompile Include="Contents\ContentsProcess.cpp">
      <Filter>Contents</Filter>
    </ClCompile>
  </ItemGroup>
</Project>